github.com/jmutschler/kv v0.0.1 h1:vShpO3ZHxO+1mtqR8nBxd2ohlbqg4fXkq5HtVpU3aW8=
github.com/jmutschler/kv v0.0.1/go.mod h1:eOfK2dWoUcadBLCDdNATZ3Zu56lVz3M49NypukyjTRI=
github.com/jmutschler/kv v0.0.2 h1:mkrScaSFggjMALOCFRdRt77ICVZ8YOOt3VxEAjWqrcY=
github.com/jmutschler/kv v0.0.2/go.mod h1:eOfK2dWoUcadBLCDdNATZ3Zu56lVz3M49NypukyjTRI=
